
Microsoft Visual Studio Solution File, Format Version 12.00
# Visual Studio 14
VisualStudioVersion = 14.0.25420.1
MinimumVisualStudioVersion = 10.0.40219.1
Project("{2150E333-8FDC-42A3-9474-1A3956D46DE8}") = "Data", "Data", "{665A529D-86DB-4EE0-87F3-319B6A796F89}"
EndProject
Project("{FAE04EC0-301F-11D3-BF4B-00C04F79EFBC}") = "MyCarsDb.Data", "Data\MyCarsDb.Data\MyCarsDb.Data.csproj", "{B8B38AC9-0927-4DF3-B261-DAA9661CE572}"
EndProject
Project("{2150E333-8FDC-42A3-9474-1A3956D46DE8}") = "Business", "Business", "{01B63FCD-9197-43F0-9D03-1DFA956AF384}"
EndProject
Project("{2150E333-8FDC-42A3-9474-1A3956D46DE8}") = "Tests", "Tests", "{1128AB6F-AE1C-47C5-AAE3-22D31563D708}"
EndProject
Project("{FAE04EC0-301F-11D3-BF4B-00C04F79EFBC}") = "MyCarsDb.Data.EntityFramework", "Data\MyCarsDb.Data.EntityFramework\MyCarsDb.Data.EntityFramework.csproj", "{B8562632-D58D-478D-B902-B0188B18BBF6}"
EndProject
Project("{2150E333-8FDC-42A3-9474-1A3956D46DE8}") = "Web", "Web", "{E0EB3B3A-459B-4B61-B2B2-DF02920E4462}"
EndProject
Project("{FAE04EC0-301F-11D3-BF4B-00C04F79EFBC}") = "MyCarsDb.Web.Api", "Web\MyCarsDb.Web.Api\MyCarsDb.Web.Api.csproj", "{4C2FFF3F-EBD3-4D58-ADCC-E32B1E4391EF}"
EndProject
Project("{FAE04EC0-301F-11D3-BF4B-00C04F79EFBC}") = "MyCarsDb.Business.Managers", "Business\MyCarsDb.Business.Managers\MyCarsDb.Business.Managers.csproj", "{644CFBA4-0D5C-415C-A111-E0F0DEDF2605}"
EndProject
Project("{2150E333-8FDC-42A3-9474-1A3956D46DE8}") = "Common", "Common", "{46EC647A-CCC9-4FB4-B785-12ED9B0B5BE9}"
EndProject
Project("{FAE04EC0-301F-11D3-BF4B-00C04F79EFBC}") = "MyCarsDb.Common.Utility", "Common\MyCarsDb.Common.Utility\MyCarsDb.Common.Utility.csproj", "{DF52F658-F84D-48D5-A662-3337E7F8901A}"
EndProject
Project("{FAE04EC0-301F-11D3-BF4B-00C04F79EFBC}") = "MyCarsDb.Web.Infrastructure", "Web\MyCarsDb.Web.Infrastructure\MyCarsDb.Web.Infrastructure.csproj", "{C27539AF-F117-4014-B6AA-3B418285004F}"
EndProject
Project("{FAE04EC0-301F-11D3-BF4B-00C04F79EFBC}") = "MyCarsDb.Common.Mappings", "Common\MyCarsDb.Common.Mappings\MyCarsDb.Common.Mappings.csproj", "{87F894F9-B0E3-4ECC-9ED4-36ACDC46DD30}"
EndProject
Project("{FAE04EC0-301F-11D3-BF4B-00C04F79EFBC}") = "MyCarsDb.Business.Models", "Business\MyCarsDb.Business.Models\MyCarsDb.Business.Models.csproj", "{FADED60F-7B20-4A82-A24E-FAA72176185F}"
EndProject
Project("{FAE04EC0-301F-11D3-BF4B-00C04F79EFBC}") = "MyCarsDb.Tests.Data", "Tests\MyCarsDb.Tests.Data\MyCarsDb.Tests.Data.csproj", "{DE9C4996-48C8-48B9-82B3-53A5285D235C}"
EndProject
Global
	GlobalSection(SolutionConfigurationPlatforms) = preSolution
		Debug|Any CPU = Debug|Any CPU
		Release|Any CPU = Release|Any CPU
	EndGlobalSection
	GlobalSection(ProjectConfigurationPlatforms) = postSolution
		{B8B38AC9-0927-4DF3-B261-DAA9661CE572}.Debug|Any CPU.ActiveCfg = Debug|Any CPU
		{B8B38AC9-0927-4DF3-B261-DAA9661CE572}.Debug|Any CPU.Build.0 = Debug|Any CPU
		{B8B38AC9-0927-4DF3-B261-DAA9661CE572}.Release|Any CPU.ActiveCfg = Release|Any CPU
		{B8B38AC9-0927-4DF3-B261-DAA9661CE572}.Release|Any CPU.Build.0 = Release|Any CPU
		{B8562632-D58D-478D-B902-B0188B18BBF6}.Debug|Any CPU.ActiveCfg = Debug|Any CPU
		{B8562632-D58D-478D-B902-B0188B18BBF6}.Debug|Any CPU.Build.0 = Debug|Any CPU
		{B8562632-D58D-478D-B902-B0188B18BBF6}.Release|Any CPU.ActiveCfg = Release|Any CPU
		{B8562632-D58D-478D-B902-B0188B18BBF6}.Release|Any CPU.Build.0 = Release|Any CPU
		{4C2FFF3F-EBD3-4D58-ADCC-E32B1E4391EF}.Debug|Any CPU.ActiveCfg = Debug|Any CPU
		{4C2FFF3F-EBD3-4D58-ADCC-E32B1E4391EF}.Debug|Any CPU.Build.0 = Debug|Any CPU
		{4C2FFF3F-EBD3-4D58-ADCC-E32B1E4391EF}.Release|Any CPU.ActiveCfg = Release|Any CPU
		{4C2FFF3F-EBD3-4D58-ADCC-E32B1E4391EF}.Release|Any CPU.Build.0 = Release|Any CPU
		{644CFBA4-0D5C-415C-A111-E0F0DEDF2605}.Debug|Any CPU.ActiveCfg = Debug|Any CPU
		{644CFBA4-0D5C-415C-A111-E0F0DEDF2605}.Debug|Any CPU.Build.0 = Debug|Any CPU
		{644CFBA4-0D5C-415C-A111-E0F0DEDF2605}.Release|Any CPU.ActiveCfg = Release|Any CPU
		{644CFBA4-0D5C-415C-A111-E0F0DEDF2605}.Release|Any CPU.Build.0 = Release|Any CPU
		{DF52F658-F84D-48D5-A662-3337E7F8901A}.Debug|Any CPU.ActiveCfg = Debug|Any CPU
		{DF52F658-F84D-48D5-A662-3337E7F8901A}.Debug|Any CPU.Build.0 = Debug|Any CPU
		{DF52F658-F84D-48D5-A662-3337E7F8901A}.Release|Any CPU.ActiveCfg = Release|Any CPU
		{DF52F658-F84D-48D5-A662-3337E7F8901A}.Release|Any CPU.Build.0 = Release|Any CPU
		{C27539AF-F117-4014-B6AA-3B418285004F}.Debug|Any CPU.ActiveCfg = Debug|Any CPU
		{C27539AF-F117-4014-B6AA-3B418285004F}.Debug|Any CPU.Build.0 = Debug|Any CPU
		{C27539AF-F117-4014-B6AA-3B418285004F}.Release|Any CPU.ActiveCfg = Release|Any CPU
		{C27539AF-F117-4014-B6AA-3B418285004F}.Release|Any CPU.Build.0 = Release|Any CPU
		{87F894F9-B0E3-4ECC-9ED4-36ACDC46DD30}.Debug|Any CPU.ActiveCfg = Debug|Any CPU
		{87F894F9-B0E3-4ECC-9ED4-36ACDC46DD30}.Debug|Any CPU.Build.0 = Debug|Any CPU
		{87F894F9-B0E3-4ECC-9ED4-36ACDC46DD30}.Release|Any CPU.ActiveCfg = Release|Any CPU
		{87F894F9-B0E3-4ECC-9ED4-36ACDC46DD30}.Release|Any CPU.Build.0 = Release|Any CPU
		{FADED60F-7B20-4A82-A24E-FAA72176185F}.Debug|Any CPU.ActiveCfg = Debug|Any CPU
		{FADED60F-7B20-4A82-A24E-FAA72176185F}.Debug|Any CPU.Build.0 = Debug|Any CPU
		{FADED60F-7B20-4A82-A24E-FAA72176185F}.Release|Any CPU.ActiveCfg = Release|Any CPU
		{FADED60F-7B20-4A82-A24E-FAA72176185F}.Release|Any CPU.Build.0 = Release|Any CPU
		{DE9C4996-48C8-48B9-82B3-53A5285D235C}.Debug|Any CPU.ActiveCfg = Debug|Any CPU
		{DE9C4996-48C8-48B9-82B3-53A5285D235C}.Debug|Any CPU.Build.0 = Debug|Any CPU
		{DE9C4996-48C8-48B9-82B3-53A5285D235C}.Release|Any CPU.ActiveCfg = Release|Any CPU
		{DE9C4996-48C8-48B9-82B3-53A5285D235C}.Release|Any CPU.Build.0 = Release|Any CPU
	EndGlobalSection
	GlobalSection(SolutionProperties) = preSolution
		HideSolutionNode = FALSE
	EndGlobalSection
	GlobalSection(NestedProjects) = preSolution
		{B8B38AC9-0927-4DF3-B261-DAA9661CE572} = {665A529D-86DB-4EE0-87F3-319B6A796F89}
		{B8562632-D58D-478D-B902-B0188B18BBF6} = {665A529D-86DB-4EE0-87F3-319B6A796F89}
		{4C2FFF3F-EBD3-4D58-ADCC-E32B1E4391EF} = {E0EB3B3A-459B-4B61-B2B2-DF02920E4462}
		{644CFBA4-0D5C-415C-A111-E0F0DEDF2605} = {01B63FCD-9197-43F0-9D03-1DFA956AF384}
		{DF52F658-F84D-48D5-A662-3337E7F8901A} = {46EC647A-CCC9-4FB4-B785-12ED9B0B5BE9}
		{C27539AF-F117-4014-B6AA-3B418285004F} = {E0EB3B3A-459B-4B61-B2B2-DF02920E4462}
		{87F894F9-B0E3-4ECC-9ED4-36ACDC46DD30} = {46EC647A-CCC9-4FB4-B785-12ED9B0B5BE9}
		{FADED60F-7B20-4A82-A24E-FAA72176185F} = {01B63FCD-9197-43F0-9D03-1DFA956AF384}
		{DE9C4996-48C8-48B9-82B3-53A5285D235C} = {1128AB6F-AE1C-47C5-AAE3-22D31563D708}
	EndGlobalSection
EndGlobal
